
Microsoft Visual Studio Solution File, Format Version 12.00
# Visual Studio Version 17
VisualStudioVersion = 17.5.33414.496
MinimumVisualStudioVersion = 10.0.40219.1
Project("{9A19103F-16F7-4668-BE54-9A1E7A4F7556}") = "ListasLigadas", "ListasLigadas\ListasLigadas.csproj", "{3F525C01-B318-45A3-855B-DE94B647B5A0}"
EndProject
Project("{FAE04EC0-301F-11D3-BF4B-00C04F79EFBC}") = "Colas", "Colas\Colas.csproj", "{DBCD901D-DBA1-4B6A-8210-999294EFB653}"
EndProject
Global
	GlobalSection(SolutionConfigurationPlatforms) = preSolution
		Debug|Any CPU = Debug|Any CPU
		Release|Any CPU = Release|Any CPU
	EndGlobalSection
	GlobalSection(ProjectConfigurationPlatforms) = postSolution
		{3F525C01-B318-45A3-855B-DE94B647B5A0}.Debug|Any CPU.ActiveCfg = Debug|Any CPU
		{3F525C01-B318-45A3-855B-DE94B647B5A0}.Debug|Any CPU.Build.0 = Debug|Any CPU
		{3F525C01-B318-45A3-855B-DE94B647B5A0}.Release|Any CPU.ActiveCfg = Release|Any CPU
		{3F525C01-B318-45A3-855B-DE94B647B5A0}.Release|Any CPU.Build.0 = Release|Any CPU
		{DBCD901D-DBA1-4B6A-8210-999294EFB653}.Debug|Any CPU.ActiveCfg = Debug|Any CPU
		{DBCD901D-DBA1-4B6A-8210-999294EFB653}.Debug|Any CPU.Build.0 = Debug|Any CPU
		{DBCD901D-DBA1-4B6A-8210-999294EFB653}.Release|Any CPU.ActiveCfg = Release|Any CPU
		{DBCD901D-DBA1-4B6A-8210-999294EFB653}.Release|Any CPU.Build.0 = Release|Any CPU
	EndGlobalSection
	GlobalSection(SolutionProperties) = preSolution
		HideSolutionNode = FALSE
	EndGlobalSection
	GlobalSection(ExtensibilityGlobals) = postSolution
		SolutionGuid = {565B10BC-7AF1-40DF-92E4-2D7784E35D04}
	EndGlobalSection
EndGlobal
